
Microsoft Visual Studio Solution File, Format Version 12.00
# Visual Studio Version 16
VisualStudioVersion = 16.0.29503.13
MinimumVisualStudioVersion = 10.0.40219.1
Project("{FAE04EC0-301F-11D3-BF4B-00C04F79EFBC}") = "TaskRPA", "TaskRPA\TaskRPA.csproj", "{A876F406-4BAC-435B-9D3C-0DDE071D23B5}"
EndProject
Global
	GlobalSection(SolutionConfigurationPlatforms) = preSolution
		Debug|Any CPU = Debug|Any CPU
		Release|Any CPU = Release|Any CPU
	EndGlobalSection
	GlobalSection(ProjectConfigurationPlatforms) = postSolution
		{A876F406-4BAC-435B-9D3C-0DDE071D23B5}.Debug|Any CPU.ActiveCfg = Debug|Any CPU
		{A876F406-4BAC-435B-9D3C-0DDE071D23B5}.Debug|Any CPU.Build.0 = Debug|Any CPU
		{A876F406-4BAC-435B-9D3C-0DDE071D23B5}.Release|Any CPU.ActiveCfg = Release|Any CPU
		{A876F406-4BAC-435B-9D3C-0DDE071D23B5}.Release|Any CPU.Build.0 = Release|Any CPU
	EndGlobalSection
	GlobalSection(SolutionProperties) = preSolution
		HideSolutionNode = FALSE
	EndGlobalSection
	GlobalSection(ExtensibilityGlobals) = postSolution
		SolutionGuid = {421B020F-E3D1-43A9-A9CC-A2DF13C6278C}
	EndGlobalSection
EndGlobal
